
Microsoft Visual Studio Solution File, Format Version 12.00
# Visual Studio Version 16
VisualStudioVersion = 16.0.30011.22
MinimumVisualStudioVersion = 10.0.40219.1
Project("{F2A71F9B-5D33-465A-A702-920D77279786}") = "Инда13", "Инда13.fsproj", "{7D1AF8E7-A9ED-4687-AA92-D1A137C57E01}"
EndProject
Global
	GlobalSection(SolutionConfigurationPlatforms) = preSolution
		Debug|Any CPU = Debug|Any CPU
		Release|Any CPU = Release|Any CPU
	EndGlobalSection
	GlobalSection(ProjectConfigurationPlatforms) = postSolution
		{7D1AF8E7-A9ED-4687-AA92-D1A137C57E01}.Debug|Any CPU.ActiveCfg = Debug|Any CPU
		{7D1AF8E7-A9ED-4687-AA92-D1A137C57E01}.Debug|Any CPU.Build.0 = Debug|Any CPU
		{7D1AF8E7-A9ED-4687-AA92-D1A137C57E01}.Release|Any CPU.ActiveCfg = Release|Any CPU
		{7D1AF8E7-A9ED-4687-AA92-D1A137C57E01}.Release|Any CPU.Build.0 = Release|Any CPU
	EndGlobalSection
	GlobalSection(SolutionProperties) = preSolution
		HideSolutionNode = FALSE
	EndGlobalSection
	GlobalSection(ExtensibilityGlobals) = postSolution
		SolutionGuid = {4CF383F7-2960-404F-83B8-FD79F45354A5}
	EndGlobalSection
EndGlobal
